// !$*UTF8*$!
{
	archiveVersion = 1;
	classes = {
	};
	objectVersion = 50;
	objects = {

/* Begin PBXBuildFile section */
		5332646A23644D3F003736AC /* ContainerProtocolViewController.swift in Sources */ = {isa = PBXBuildFile; fileRef = 5332646923644D3F003736AC /* ContainerProtocolViewController.swift */; };
		5332646D23644D5F003736AC /* ListBasedOnEnumViewController.swift in Sources */ = {isa = PBXBuildFile; fileRef = 5332646C23644D5F003736AC /* ListBasedOnEnumViewController.swift */; };
		5332647023644D79003736AC /* SumFunctionViewController.swift in Sources */ = {isa = PBXBuildFile; fileRef = 5332646F23644D79003736AC /* SumFunctionViewController.swift */; };
		534E5EFC2363245D00F5269F /* AppDelegate.swift in Sources */ = {isa = PBXBuildFile; fileRef = 534E5EFB2363245D00F5269F /* AppDelegate.swift */; };
		534E5EFE2363245D00F5269F /* SceneDelegate.swift in Sources */ = {isa = PBXBuildFile; fileRef = 534E5EFD2363245D00F5269F /* SceneDelegate.swift */; };
		534E5F032363245D00F5269F /* Main.storyboard in Resources */ = {isa = PBXBuildFile; fileRef = 534E5F012363245D00F5269F /* Main.storyboard */; };
		534E5F052363245E00F5269F /* Assets.xcassets in Resources */ = {isa = PBXBuildFile; fileRef = 534E5F042363245E00F5269F /* Assets.xcassets */; };
		534E5F082363245E00F5269F /* LaunchScreen.storyboard in Resources */ = {isa = PBXBuildFile; fileRef = 534E5F062363245E00F5269F /* LaunchScreen.storyboard */; };
		534E5F10236324C500F5269F /* .gitignore in Resources */ = {isa = PBXBuildFile; fileRef = 534E5F0F236324C500F5269F /* .gitignore */; };
		5350BFF02368D9300019C7E3 /* ContainerProtocol.swift in Sources */ = {isa = PBXBuildFile; fileRef = 5350BFEF2368D9300019C7E3 /* ContainerProtocol.swift */; };
		5350BFF22368D9430019C7E3 /* ListByProtocol.swift in Sources */ = {isa = PBXBuildFile; fileRef = 5350BFF12368D9430019C7E3 /* ListByProtocol.swift */; };
		53D551B92364A975004E5FE7 /* QueueByProtocol.swift in Sources */ = {isa = PBXBuildFile; fileRef = 53D551B82364A975004E5FE7 /* QueueByProtocol.swift */; };
/* End PBXBuildFile section */

/* Begin PBXFileReference section */
		5332646923644D3F003736AC /* ContainerProtocolViewController.swift */ = {isa = PBXFileReference; lastKnownFileType = sourcecode.swift; path = ContainerProtocolViewController.swift; sourceTree = "<group>"; };
		5332646C23644D5F003736AC /* ListBasedOnEnumViewController.swift */ = {isa = PBXFileReference; lastKnownFileType = sourcecode.swift; path = ListBasedOnEnumViewController.swift; sourceTree = "<group>"; };
		5332646F23644D79003736AC /* SumFunctionViewController.swift */ = {isa = PBXFileReference; lastKnownFileType = sourcecode.swift; path = SumFunctionViewController.swift; sourceTree = "<group>"; };
		534E5EF82363245D00F5269F /* sprint_1_BlueTeam.app */ = {isa = PBXFileReference; explicitFileType = wrapper.application; includeInIndex = 0; path = sprint_1_BlueTeam.app; sourceTree = BUILT_PRODUCTS_DIR; };
		534E5EFB2363245D00F5269F /* AppDelegate.swift */ = {isa = PBXFileReference; lastKnownFileType = sourcecode.swift; path = AppDelegate.swift; sourceTree = "<group>"; };
		534E5EFD2363245D00F5269F /* SceneDelegate.swift */ = {isa = PBXFileReference; lastKnownFileType = sourcecode.swift; path = SceneDelegate.swift; sourceTree = "<group>"; };
		534E5F022363245D00F5269F /* Base */ = {isa = PBXFileReference; lastKnownFileType = file.storyboard; name = Base; path = Base.lproj/Main.storyboard; sourceTree = "<group>"; };
		534E5F042363245E00F5269F /* Assets.xcassets */ = {isa = PBXFileReference; lastKnownFileType = folder.assetcatalog; path = Assets.xcassets; sourceTree = "<group>"; };
		534E5F072363245E00F5269F /* Base */ = {isa = PBXFileReference; lastKnownFileType = file.storyboard; name = Base; path = Base.lproj/LaunchScreen.storyboard; sourceTree = "<group>"; };
		534E5F092363245E00F5269F /* Info.plist */ = {isa = PBXFileReference; lastKnownFileType = text.plist.xml; path = Info.plist; sourceTree = "<group>"; };
		534E5F0F236324C500F5269F /* .gitignore */ = {isa = PBXFileReference; lastKnownFileType = text; name = .gitignore; path = ../.gitignore; sourceTree = "<group>"; };
		5350BFEF2368D9300019C7E3 /* ContainerProtocol.swift */ = {isa = PBXFileReference; fileEncoding = 4; lastKnownFileType = sourcecode.swift; path = ContainerProtocol.swift; sourceTree = "<group>"; };
		5350BFF12368D9430019C7E3 /* ListByProtocol.swift */ = {isa = PBXFileReference; fileEncoding = 4; lastKnownFileType = sourcecode.swift; path = ListByProtocol.swift; sourceTree = "<group>"; };
		53D551B82364A975004E5FE7 /* QueueByProtocol.swift */ = {isa = PBXFileReference; lastKnownFileType = sourcecode.swift; path = QueueByProtocol.swift; sourceTree = "<group>"; };
/* End PBXFileReference section */

/* Begin PBXFrameworksBuildPhase section */
		534E5EF52363245D00F5269F /* Frameworks */ = {
			isa = PBXFrameworksBuildPhase;
			buildActionMask = 2147483647;
			files = (
			);
			runOnlyForDeploymentPostprocessing = 0;
		};
/* End PBXFrameworksBuildPhase section */

/* Begin PBXGroup section */
		5332646B23644D49003736AC /* ContainerProtocol */ = {
			isa = PBXGroup;
			children = (
				5350BFEF2368D9300019C7E3 /* ContainerProtocol.swift */,
				5350BFF12368D9430019C7E3 /* ListByProtocol.swift */,
				5332646923644D3F003736AC /* ContainerProtocolViewController.swift */,
				53D551B82364A975004E5FE7 /* QueueByProtocol.swift */,
			);
			path = ContainerProtocol;
			sourceTree = "<group>";
		};
		5332646E23644D63003736AC /* ListBasedOnEnum */ = {
			isa = PBXGroup;
			children = (
				5332646C23644D5F003736AC /* ListBasedOnEnumViewController.swift */,
			);
			path = ListBasedOnEnum;
			sourceTree = "<group>";
		};
		5332647123644D7F003736AC /* SumFunction */ = {
			isa = PBXGroup;
			children = (
				5332646F23644D79003736AC /* SumFunctionViewController.swift */,
			);
			path = SumFunction;
			sourceTree = "<group>";
		};
		534E5EEF2363245D00F5269F = {
			isa = PBXGroup;
			children = (
				534E5F0F236324C500F5269F /* .gitignore */,
				534E5EFA2363245D00F5269F /* sprint_1_BlueTeam */,
				534E5EF92363245D00F5269F /* Products */,
			);
			sourceTree = "<group>";
		};
		534E5EF92363245D00F5269F /* Products */ = {
			isa = PBXGroup;
			children = (
				534E5EF82363245D00F5269F /* sprint_1_BlueTeam.app */,
			);
			name = Products;
			sourceTree = "<group>";
		};
		534E5EFA2363245D00F5269F /* sprint_1_BlueTeam */ = {
			isa = PBXGroup;
			children = (
				534E5EFB2363245D00F5269F /* AppDelegate.swift */,
				534E5EFD2363245D00F5269F /* SceneDelegate.swift */,
				534E5F012363245D00F5269F /* Main.storyboard */,
				534E5F042363245E00F5269F /* Assets.xcassets */,
				534E5F062363245E00F5269F /* LaunchScreen.storyboard */,
				534E5F092363245E00F5269F /* Info.plist */,
				5332646B23644D49003736AC /* ContainerProtocol */,
				5332646E23644D63003736AC /* ListBasedOnEnum */,
				5332647123644D7F003736AC /* SumFunction */,
			);
			path = sprint_1_BlueTeam;
			sourceTree = "<group>";
		};
/* End PBXGroup section */

/* Begin PBXNativeTarget section */
		534E5EF72363245D00F5269F /* sprint_1_BlueTeam */ = {
			isa = PBXNativeTarget;
			buildConfigurationList = 534E5F0C2363245E00F5269F /* Build configuration list for PBXNativeTarget "sprint_1_BlueTeam" */;
			buildPhases = (
				534E5EF42363245D00F5269F /* Sources */,
				534E5EF52363245D00F5269F /* Frameworks */,
				534E5EF62363245D00F5269F /* Resources */,
			);
			buildRules = (
			);
			dependencies = (
			);
			name = sprint_1_BlueTeam;
			productName = sprint_1_BlueTeam;
			productReference = 534E5EF82363245D00F5269F /* sprint_1_BlueTeam.app */;
			productType = "com.apple.product-type.application";
		};
/* End PBXNativeTarget section */

/* Begin PBXProject section */
		534E5EF02363245D00F5269F /* Project object */ = {
			isa = PBXProject;
			attributes = {
				LastSwiftUpdateCheck = 1100;
				LastUpgradeCheck = 1100;
				ORGANIZATIONNAME = BlueTeam;
				TargetAttributes = {
					534E5EF72363245D00F5269F = {
						CreatedOnToolsVersion = 11.0;
					};
				};
			};
			buildConfigurationList = 534E5EF32363245D00F5269F /* Build configuration list for PBXProject "sprint_1_BlueTeam" */;
			compatibilityVersion = "Xcode 9.3";
			developmentRegion = en;
			hasScannedForEncodings = 0;
			knownRegions = (
				en,
				Base,
			);
			mainGroup = 534E5EEF2363245D00F5269F;
			productRefGroup = 534E5EF92363245D00F5269F /* Products */;
			projectDirPath = "";
			projectRoot = "";
			targets = (
				534E5EF72363245D00F5269F /* sprint_1_BlueTeam */,
			);
		};
/* End PBXProject section */

/* Begin PBXResourcesBuildPhase section */
		534E5EF62363245D00F5269F /* Resources */ = {
			isa = PBXResourcesBuildPhase;
			buildActionMask = 2147483647;
			files = (
				534E5F10236324C500F5269F /* .gitignore in Resources */,
				534E5F082363245E00F5269F /* LaunchScreen.storyboard in Resources */,
				534E5F052363245E00F5269F /* Assets.xcassets in Resources */,
				534E5F032363245D00F5269F /* Main.storyboard in Resources */,
			);
			runOnlyForDeploymentPostprocessing = 0;
		};
/* End PBXResourcesBuildPhase section */

/* Begin PBXSourcesBuildPhase section */
		534E5EF42363245D00F5269F /* Sources */ = {
			isa = PBXSourcesBuildPhase;
			buildActionMask = 2147483647;
			files = (
				5350BFF22368D9430019C7E3 /* ListByProtocol.swift in Sources */,
				5350BFF02368D9300019C7E3 /* ContainerProtocol.swift in Sources */,
				5332646A23644D3F003736AC /* ContainerProtocolViewController.swift in Sources */,
				5332646D23644D5F003736AC /* ListBasedOnEnumViewController.swift in Sources */,
				53D551B92364A975004E5FE7 /* QueueByProtocol.swift in Sources */,
				534E5EFC2363245D00F5269F /* AppDelegate.swift in Sources */,
				5332647023644D79003736AC /* SumFunctionViewController.swift in Sources */,
				534E5EFE2363245D00F5269F /* SceneDelegate.swift in Sources */,
			);
			runOnlyForDeploymentPostprocessing = 0;
		};
/* End PBXSourcesBuildPhase section */

/* Begin PBXVariantGroup section */
		534E5F012363245D00F5269F /* Main.storyboard */ = {
			isa = PBXVariantGroup;
			children = (
				534E5F022363245D00F5269F /* Base */,
			);
			name = Main.storyboard;
			sourceTree = "<group>";
		};
		534E5F062363245E00F5269F /* LaunchScreen.storyboard */ = {
			isa = PBXVariantGroup;
			children = (
				534E5F072363245E00F5269F /* Base */,
			);
			name = LaunchScreen.storyboard;
			sourceTree = "<group>";
		};
/* End PBXVariantGroup section */

/* Begin XCBuildConfiguration section */
		534E5F0A2363245E00F5269F /* Debug */ = {
			isa = XCBuildConfiguration;
			buildSettings = {
				ALWAYS_SEARCH_USER_PATHS = NO;
				CLANG_ANALYZER_NONNULL = YES;
				CLANG_ANALYZER_NUMBER_OBJECT_CONVERSION = YES_AGGRESSIVE;
				CLANG_CXX_LANGUAGE_STANDARD = "gnu++14";
				CLANG_CXX_LIBRARY = "libc++";
				CLANG_ENABLE_MODULES = YES;
				CLANG_ENABLE_OBJC_ARC = YES;
				CLANG_ENABLE_OBJC_WEAK = YES;
				CLANG_WARN_BLOCK_CAPTURE_AUTORELEASING = YES;
				CLANG_WARN_BOOL_CONVERSION = YES;
				CLANG_WARN_COMMA = YES;
				CLANG_WARN_CONSTANT_CONVERSION = YES;
				CLANG_WARN_DEPRECATED_OBJC_IMPLEMENTATIONS = YES;
				CLANG_WARN_DIRECT_OBJC_ISA_USAGE = YES_ERROR;
				CLANG_WARN_DOCUMENTATION_COMMENTS = YES;
				CLANG_WARN_EMPTY_BODY = YES;
				CLANG_WARN_ENUM_CONVERSION = YES;
				CLANG_WARN_INFINITE_RECURSION = YES;
				CLANG_WARN_INT_CONVERSION = YES;
				CLANG_WARN_NON_LITERAL_NULL_CONVERSION = YES;
				CLANG_WARN_OBJC_IMPLICIT_RETAIN_SELF = YES;
				CLANG_WARN_OBJC_LITERAL_CONVERSION = YES;
				CLANG_WARN_OBJC_ROOT_CLASS = YES_ERROR;
				CLANG_WARN_RANGE_LOOP_ANALYSIS = YES;
				CLANG_WARN_STRICT_PROTOTYPES = YES;
				CLANG_WARN_SUSPICIOUS_MOVE = YES;
				CLANG_WARN_UNGUARDED_AVAILABILITY = YES_AGGRESSIVE;
				CLANG_WARN_UNREACHABLE_CODE = YES;
				CLANG_WARN__DUPLICATE_METHOD_MATCH = YES;
				COPY_PHASE_STRIP = NO;
				DEBUG_INFORMATION_FORMAT = dwarf;
				ENABLE_STRICT_OBJC_MSGSEND = YES;
				ENABLE_TESTABILITY = YES;
				GCC_C_LANGUAGE_STANDARD = gnu11;
				GCC_DYNAMIC_NO_PIC = NO;
				GCC_NO_COMMON_BLOCKS = YES;
				GCC_OPTIMIZATION_LEVEL = 0;
				GCC_PREPROCESSOR_DEFINITIONS = (
					"DEBUG=1",
					"$(inherited)",
				);
				GCC_WARN_64_TO_32_BIT_CONVERSION = YES;
				GCC_WARN_ABOUT_RETURN_TYPE = YES_ERROR;
				GCC_WARN_UNDECLARED_SELECTOR = YES;
				GCC_WARN_UNINITIALIZED_AUTOS = YES_AGGRESSIVE;
				GCC_WARN_UNUSED_FUNCTION = YES;
				GCC_WARN_UNUSED_VARIABLE = YES;
				IPHONEOS_DEPLOYMENT_TARGET = 13.0;
				MTL_ENABLE_DEBUG_INFO = INCLUDE_SOURCE;
				MTL_FAST_MATH = YES;
				ONLY_ACTIVE_ARCH = YES;
				SDKROOT = iphoneos;
				SWIFT_ACTIVE_COMPILATION_CONDITIONS = DEBUG;
				SWIFT_OPTIMIZATION_LEVEL = "-Onone";
			};
			name = Debug;
		};
		534E5F0B2363245E00F5269F /* Release */ = {
			isa = XCBuildConfiguration;
			buildSettings = {
				ALWAYS_SEARCH_USER_PATHS = NO;
				CLANG_ANALYZER_NONNULL = YES;
				CLANG_ANALYZER_NUMBER_OBJECT_CONVERSION = YES_AGGRESSIVE;
				CLANG_CXX_LANGUAGE_STANDARD = "gnu++14";
				CLANG_CXX_LIBRARY = "libc++";
				CLANG_ENABLE_MODULES = YES;
				CLANG_ENABLE_OBJC_ARC = YES;
				CLANG_ENABLE_OBJC_WEAK = YES;
				CLANG_WARN_BLOCK_CAPTURE_AUTORELEASING = YES;
				CLANG_WARN_BOOL_CONVERSION = YES;
				CLANG_WARN_COMMA = YES;
				CLANG_WARN_CONSTANT_CONVERSION = YES;
				CLANG_WARN_DEPRECATED_OBJC_IMPLEMENTATIONS = YES;
				CLANG_WARN_DIRECT_OBJC_ISA_USAGE = YES_ERROR;
				CLANG_WARN_DOCUMENTATION_COMMENTS = YES;
				CLANG_WARN_EMPTY_BODY = YES;
				CLANG_WARN_ENUM_CONVERSION = YES;
				CLANG_WARN_INFINITE_RECURSION = YES;
				CLANG_WARN_INT_CONVERSION = YES;
				CLANG_WARN_NON_LITERAL_NULL_CONVERSION = YES;
				CLANG_WARN_OBJC_IMPLICIT_RETAIN_SELF = YES;
				CLANG_WARN_OBJC_LITERAL_CONVERSION = YES;
				CLANG_WARN_OBJC_ROOT_CLASS = YES_ERROR;
				CLANG_WARN_RANGE_LOOP_ANALYSIS = YES;
				CLANG_WARN_STRICT_PROTOTYPES = YES;
				CLANG_WARN_SUSPICIOUS_MOVE = YES;
				CLANG_WARN_UNGUARDED_AVAILABILITY = YES_AGGRESSIVE;
				CLANG_WARN_UNREACHABLE_CODE = YES;
				CLANG_WARN__DUPLICATE_METHOD_MATCH = YES;
				COPY_PHASE_STRIP = NO;
				DEBUG_INFORMATION_FORMAT = "dwarf-with-dsym";
				ENABLE_NS_ASSERTIONS = NO;
				ENABLE_STRICT_OBJC_MSGSEND = YES;
				GCC_C_LANGUAGE_STANDARD = gnu11;
				GCC_NO_COMMON_BLOCKS = YES;
				GCC_WARN_64_TO_32_BIT_CONVERSION = YES;
				GCC_WARN_ABOUT_RETURN_TYPE = YES_ERROR;
				GCC_WARN_UNDECLARED_SELECTOR = YES;
				GCC_WARN_UNINITIALIZED_AUTOS = YES_AGGRESSIVE;
				GCC_WARN_UNUSED_FUNCTION = YES;
				GCC_WARN_UNUSED_VARIABLE = YES;
				IPHONEOS_DEPLOYMENT_TARGET = 13.0;
				MTL_ENABLE_DEBUG_INFO = NO;
				MTL_FAST_MATH = YES;
				SDKROOT = iphoneos;
				SWIFT_COMPILATION_MODE = wholemodule;
				SWIFT_OPTIMIZATION_LEVEL = "-O";
				VALIDATE_PRODUCT = YES;
			};
			name = Release;
		};
		534E5F0D2363245E00F5269F /* Debug */ = {
			isa = XCBuildConfiguration;
			buildSettings = {
				ASSETCATALOG_COMPILER_APPICON_NAME = AppIcon;
				CODE_SIGN_IDENTITY = "Apple Development";
				CODE_SIGN_STYLE = Automatic;
				DEVELOPMENT_TEAM = F22994NDM8;
				INFOPLIST_FILE = sprint_1_BlueTeam/Info.plist;
				LD_RUNPATH_SEARCH_PATHS = (
					"$(inherited)",
					"@executable_path/Frameworks",
				);
				PRODUCT_BUNDLE_IDENTIFIER = "BlueTeam.sprint-1-BlueTeam";
				PRODUCT_NAME = "$(TARGET_NAME)";
				PROVISIONING_PROFILE_SPECIFIER = "";
				SWIFT_VERSION = 5.0;
				TARGETED_DEVICE_FAMILY = "1,2";
			};
			name = Debug;
		};
		534E5F0E2363245E00F5269F /* Release */ = {
			isa = XCBuildConfiguration;
			buildSettings = {
				ASSETCATALOG_COMPILER_APPICON_NAME = AppIcon;
				CODE_SIGN_IDENTITY = "Apple Development";
				CODE_SIGN_STYLE = Automatic;
				DEVELOPMENT_TEAM = F22994NDM8;
				INFOPLIST_FILE = sprint_1_BlueTeam/Info.plist;
				LD_RUNPATH_SEARCH_PATHS = (
					"$(inherited)",
					"@executable_path/Frameworks",
				);
				PRODUCT_BUNDLE_IDENTIFIER = "BlueTeam.sprint-1-BlueTeam";
				PRODUCT_NAME = "$(TARGET_NAME)";
				PROVISIONING_PROFILE_SPECIFIER = "";
				SWIFT_VERSION = 5.0;
				TARGETED_DEVICE_FAMILY = "1,2";
			};
			name = Release;
		};
/* End XCBuildConfiguration section */

/* Begin XCConfigurationList section */
		534E5EF32363245D00F5269F /* Build configuration list for PBXProject "sprint_1_BlueTeam" */ = {
			isa = XCConfigurationList;
			buildConfigurations = (
				534E5F0A2363245E00F5269F /* Debug */,
				534E5F0B2363245E00F5269F /* Release */,
			);
			defaultConfigurationIsVisible = 0;
			defaultConfigurationName = Release;
		};
		534E5F0C2363245E00F5269F /* Build configuration list for PBXNativeTarget "sprint_1_BlueTeam" */ = {
			isa = XCConfigurationList;
			buildConfigurations = (
				534E5F0D2363245E00F5269F /* Debug */,
				534E5F0E2363245E00F5269F /* Release */,
			);
			defaultConfigurationIsVisible = 0;
			defaultConfigurationName = Release;
		};
/* End XCConfigurationList section */
	};
	rootObject = 534E5EF02363245D00F5269F /* Project object */;
}
